
Microsoft Visual Studio Solution File, Format Version 12.00
# Visual Studio Version 16
VisualStudioVersion = 16.0.32106.194
MinimumVisualStudioVersion = 10.0.40219.1
Project("{FAE04EC0-301F-11D3-BF4B-00C04F79EFBC}") = "ApartmentManagement.Domain", "ApartmentManagement.Domain\ApartmentManagement.Domain.csproj", "{AA41F618-8139-4A08-BBCB-EBEB47DC220F}"
EndProject
Project("{FAE04EC0-301F-11D3-BF4B-00C04F79EFBC}") = "ApartmentManagement.Application", "ApartmentManagement.Application\ApartmentManagement.Application.csproj", "{522D2F45-59F8-480D-A654-EBE9E4EC4F64}"
EndProject
Project("{FAE04EC0-301F-11D3-BF4B-00C04F79EFBC}") = "ApartmentManagement.Infrastructure", "ApartmentManagement.Infrastructure\ApartmentManagement.Infrastructure.csproj", "{5B17451A-98AA-4472-9705-88A27268DE8A}"
EndProject
Project("{FAE04EC0-301F-11D3-BF4B-00C04F79EFBC}") = "ApartmentManagement.WebAPI", "ApartmentManagement.WebAPI\ApartmentManagement.WebAPI.csproj", "{6D1102D6-425C-45D4-B794-DBBCB1967DA7}"
EndProject
Global
	GlobalSection(SolutionConfigurationPlatforms) = preSolution
		Debug|Any CPU = Debug|Any CPU
		Release|Any CPU = Release|Any CPU
	EndGlobalSection
	GlobalSection(ProjectConfigurationPlatforms) = postSolution
		{AA41F618-8139-4A08-BBCB-EBEB47DC220F}.Debug|Any CPU.ActiveCfg = Debug|Any CPU
		{AA41F618-8139-4A08-BBCB-EBEB47DC220F}.Debug|Any CPU.Build.0 = Debug|Any CPU
		{AA41F618-8139-4A08-BBCB-EBEB47DC220F}.Release|Any CPU.ActiveCfg = Release|Any CPU
		{AA41F618-8139-4A08-BBCB-EBEB47DC220F}.Release|Any CPU.Build.0 = Release|Any CPU
		{522D2F45-59F8-480D-A654-EBE9E4EC4F64}.Debug|Any CPU.ActiveCfg = Debug|Any CPU
		{522D2F45-59F8-480D-A654-EBE9E4EC4F64}.Debug|Any CPU.Build.0 = Debug|Any CPU
		{522D2F45-59F8-480D-A654-EBE9E4EC4F64}.Release|Any CPU.ActiveCfg = Release|Any CPU
		{522D2F45-59F8-480D-A654-EBE9E4EC4F64}.Release|Any CPU.Build.0 = Release|Any CPU
		{5B17451A-98AA-4472-9705-88A27268DE8A}.Debug|Any CPU.ActiveCfg = Debug|Any CPU
		{5B17451A-98AA-4472-9705-88A27268DE8A}.Debug|Any CPU.Build.0 = Debug|Any CPU
		{5B17451A-98AA-4472-9705-88A27268DE8A}.Release|Any CPU.ActiveCfg = Release|Any CPU
		{5B17451A-98AA-4472-9705-88A27268DE8A}.Release|Any CPU.Build.0 = Release|Any CPU
		{6D1102D6-425C-45D4-B794-DBBCB1967DA7}.Debug|Any CPU.ActiveCfg = Debug|Any CPU
		{6D1102D6-425C-45D4-B794-DBBCB1967DA7}.Debug|Any CPU.Build.0 = Debug|Any CPU
		{6D1102D6-425C-45D4-B794-DBBCB1967DA7}.Release|Any CPU.ActiveCfg = Release|Any CPU
		{6D1102D6-425C-45D4-B794-DBBCB1967DA7}.Release|Any CPU.Build.0 = Release|Any CPU
	EndGlobalSection
	GlobalSection(SolutionProperties) = preSolution
		HideSolutionNode = FALSE
	EndGlobalSection
	GlobalSection(ExtensibilityGlobals) = postSolution
		SolutionGuid = {DDA93599-6314-479D-B2E3-9905EB1E6ED5}
	EndGlobalSection
EndGlobal
